
Microsoft Visual Studio Solution File, Format Version 12.00
# Visual Studio Version 17
VisualStudioVersion = 17.0.33214.273
MinimumVisualStudioVersion = 10.0.40219.1
Project("{FAE04EC0-301F-11D3-BF4B-00C04F79EFBC}") = "WebApiJ", "WebApiJ\WebApiJ.csproj", "{FCE3B1AD-BB9C-4C2C-8CFE-B1852D670306}"
EndProject
Global
	GlobalSection(SolutionConfigurationPlatforms) = preSolution
		Debug|Any CPU = Debug|Any CPU
		Release|Any CPU = Release|Any CPU
	EndGlobalSection
	GlobalSection(ProjectConfigurationPlatforms) = postSolution
		{FCE3B1AD-BB9C-4C2C-8CFE-B1852D670306}.Debug|Any CPU.ActiveCfg = Debug|Any CPU
		{FCE3B1AD-BB9C-4C2C-8CFE-B1852D670306}.Debug|Any CPU.Build.0 = Debug|Any CPU
		{FCE3B1AD-BB9C-4C2C-8CFE-B1852D670306}.Release|Any CPU.ActiveCfg = Release|Any CPU
		{FCE3B1AD-BB9C-4C2C-8CFE-B1852D670306}.Release|Any CPU.Build.0 = Release|Any CPU
	EndGlobalSection
	GlobalSection(SolutionProperties) = preSolution
		HideSolutionNode = FALSE
	EndGlobalSection
	GlobalSection(ExtensibilityGlobals) = postSolution
		SolutionGuid = {42573CBE-F66D-46A1-BF50-20CAA72BFAC0}
	EndGlobalSection
EndGlobal
